
Microsoft Visual Studio Solution File, Format Version 11.00
# Visual Studio 2010
Project("{FAE04EC0-301F-11D3-BF4B-00C04F79EFBC}") = "LogImporter", "LogImporter\LogImporter.csproj", "{F55EAEC2-A32F-4313-B38D-2B61ED166A76}"
EndProject
Project("{2150E333-8FDC-42A3-9474-1A3956D46DE8}") = "Solution Items", "Solution Items", "{A88A12DA-9262-48E8-A1FC-AC30923D2AC7}"
	ProjectSection(SolutionItems) = preProject
		ParseToday.cmd = ParseToday.cmd
	EndProjectSection
EndProject
Project("{2150E333-8FDC-42A3-9474-1A3956D46DE8}") = "Queries", "Queries", "{59AC221A-C9F8-4E3F-9543-B37E7A3EFF81}"
	ProjectSection(SolutionItems) = preProject
		All Bots.sql = All Bots.sql
		Bandwidth by IP and User Agent.sql = Bandwidth by IP and User Agent.sql
		Daily Bandwidth.sql = Daily Bandwidth.sql
		Errors by Hour.sql = Errors by Hour.sql
		Expensive URLs.sql = Expensive URLs.sql
		Hourly Load Stats.sql = Hourly Load Stats.sql
		Most Hit URLs.sql = Most Hit URLs.sql
		URLs With Most Errors Recently.sql = URLs With Most Errors Recently.sql
	EndProjectSection
EndProject
Global
	GlobalSection(SolutionConfigurationPlatforms) = preSolution
		Debug|x86 = Debug|x86
		Release|x86 = Release|x86
	EndGlobalSection
	GlobalSection(ProjectConfigurationPlatforms) = postSolution
		{F55EAEC2-A32F-4313-B38D-2B61ED166A76}.Debug|x86.ActiveCfg = Debug|x86
		{F55EAEC2-A32F-4313-B38D-2B61ED166A76}.Debug|x86.Build.0 = Debug|x86
		{F55EAEC2-A32F-4313-B38D-2B61ED166A76}.Release|x86.ActiveCfg = Release|x86
		{F55EAEC2-A32F-4313-B38D-2B61ED166A76}.Release|x86.Build.0 = Release|x86
	EndGlobalSection
	GlobalSection(SolutionProperties) = preSolution
		HideSolutionNode = FALSE
	EndGlobalSection
EndGlobal
